
Microsoft Visual Studio Solution File, Format Version 12.00
# Visual Studio Version 17
VisualStudioVersion = 17.9.34622.214
MinimumVisualStudioVersion = 10.0.40219.1
Project("{FAE04EC0-301F-11D3-BF4B-00C04F79EFBC}") = "Test14(var)", "Test14(var).csproj", "{39A73104-A2E9-4BD0-857A-6AEB2B87F992}"
EndProject
Global
	GlobalSection(SolutionConfigurationPlatforms) = preSolution
		Debug|Any CPU = Debug|Any CPU
		Release|Any CPU = Release|Any CPU
	EndGlobalSection
	GlobalSection(ProjectConfigurationPlatforms) = postSolution
		{39A73104-A2E9-4BD0-857A-6AEB2B87F992}.Debug|Any CPU.ActiveCfg = Debug|Any CPU
		{39A73104-A2E9-4BD0-857A-6AEB2B87F992}.Debug|Any CPU.Build.0 = Debug|Any CPU
		{39A73104-A2E9-4BD0-857A-6AEB2B87F992}.Release|Any CPU.ActiveCfg = Release|Any CPU
		{39A73104-A2E9-4BD0-857A-6AEB2B87F992}.Release|Any CPU.Build.0 = Release|Any CPU
	EndGlobalSection
	GlobalSection(SolutionProperties) = preSolution
		HideSolutionNode = FALSE
	EndGlobalSection
	GlobalSection(ExtensibilityGlobals) = postSolution
		SolutionGuid = {9EAE8690-F425-469D-9410-E64CE9E5A656}
	EndGlobalSection
EndGlobal
