
Microsoft Visual Studio Solution File, Format Version 12.00
# Visual Studio Version 17
VisualStudioVersion = 17.9.34622.214
MinimumVisualStudioVersion = 10.0.40219.1
Project("{FAE04EC0-301F-11D3-BF4B-00C04F79EFBC}") = "Test4", "Test4.csproj", "{8B01F1D5-928C-4414-ABD0-849C6B649E40}"
EndProject
Global
	GlobalSection(SolutionConfigurationPlatforms) = preSolution
		Debug|Any CPU = Debug|Any CPU
		Release|Any CPU = Release|Any CPU
	EndGlobalSection
	GlobalSection(ProjectConfigurationPlatforms) = postSolution
		{8B01F1D5-928C-4414-ABD0-849C6B649E40}.Debug|Any CPU.ActiveCfg = Debug|Any CPU
		{8B01F1D5-928C-4414-ABD0-849C6B649E40}.Debug|Any CPU.Build.0 = Debug|Any CPU
		{8B01F1D5-928C-4414-ABD0-849C6B649E40}.Release|Any CPU.ActiveCfg = Release|Any CPU
		{8B01F1D5-928C-4414-ABD0-849C6B649E40}.Release|Any CPU.Build.0 = Release|Any CPU
	EndGlobalSection
	GlobalSection(SolutionProperties) = preSolution
		HideSolutionNode = FALSE
	EndGlobalSection
	GlobalSection(ExtensibilityGlobals) = postSolution
		SolutionGuid = {88C93B75-C8A7-47AF-99DF-8EE2831C96C3}
	EndGlobalSection
EndGlobal
