
Microsoft Visual Studio Solution File, Format Version 12.00
# Visual Studio Version 17
VisualStudioVersion = 17.9.34622.214
MinimumVisualStudioVersion = 10.0.40219.1
Project("{FAE04EC0-301F-11D3-BF4B-00C04F79EFBC}") = "IntIntoArray", "IntIntoArray.csproj", "{ACB4A678-DDB2-4B8E-B8F8-51509E52C0BD}"
EndProject
Global
	GlobalSection(SolutionConfigurationPlatforms) = preSolution
		Debug|Any CPU = Debug|Any CPU
		Release|Any CPU = Release|Any CPU
	EndGlobalSection
	GlobalSection(ProjectConfigurationPlatforms) = postSolution
		{ACB4A678-DDB2-4B8E-B8F8-51509E52C0BD}.Debug|Any CPU.ActiveCfg = Debug|Any CPU
		{ACB4A678-DDB2-4B8E-B8F8-51509E52C0BD}.Debug|Any CPU.Build.0 = Debug|Any CPU
		{ACB4A678-DDB2-4B8E-B8F8-51509E52C0BD}.Release|Any CPU.ActiveCfg = Release|Any CPU
		{ACB4A678-DDB2-4B8E-B8F8-51509E52C0BD}.Release|Any CPU.Build.0 = Release|Any CPU
	EndGlobalSection
	GlobalSection(SolutionProperties) = preSolution
		HideSolutionNode = FALSE
	EndGlobalSection
	GlobalSection(ExtensibilityGlobals) = postSolution
		SolutionGuid = {F405C358-0F60-4A83-9303-EF6E8C1E001D}
	EndGlobalSection
EndGlobal
