
Microsoft Visual Studio Solution File, Format Version 12.00
# Visual Studio Version 17
VisualStudioVersion = 17.9.34622.214
MinimumVisualStudioVersion = 10.0.40219.1
Project("{FAE04EC0-301F-11D3-BF4B-00C04F79EFBC}") = "ArrayToString", "ArrayToString.csproj", "{2E3B29BB-8FF7-41BF-A232-8B8BEFCC989A}"
EndProject
Global
	GlobalSection(SolutionConfigurationPlatforms) = preSolution
		Debug|Any CPU = Debug|Any CPU
		Release|Any CPU = Release|Any CPU
	EndGlobalSection
	GlobalSection(ProjectConfigurationPlatforms) = postSolution
		{2E3B29BB-8FF7-41BF-A232-8B8BEFCC989A}.Debug|Any CPU.ActiveCfg = Debug|Any CPU
		{2E3B29BB-8FF7-41BF-A232-8B8BEFCC989A}.Debug|Any CPU.Build.0 = Debug|Any CPU
		{2E3B29BB-8FF7-41BF-A232-8B8BEFCC989A}.Release|Any CPU.ActiveCfg = Release|Any CPU
		{2E3B29BB-8FF7-41BF-A232-8B8BEFCC989A}.Release|Any CPU.Build.0 = Release|Any CPU
	EndGlobalSection
	GlobalSection(SolutionProperties) = preSolution
		HideSolutionNode = FALSE
	EndGlobalSection
	GlobalSection(ExtensibilityGlobals) = postSolution
		SolutionGuid = {AABAF955-129B-4864-894E-588544C572B6}
	EndGlobalSection
EndGlobal
